{
  "nodes": {
    "nixpkgs": {
      "locked": {
        "lastModified": 1731090889,
        "narHash": "sha256-t4TDuHqCWCU0ojy28tGe1pDpIUzAcVHqeNKMbe3QiXc=",
        "owner": "NixOS",
        "repo": "nixpkgs",
        "rev": "a6545707a812db80e0a6e13d2d511c641ce17478",
        "type": "github"
      },
      "original": {
        "owner": "NixOS",
        "repo": "nixpkgs",
        "type": "github"
      }
    },
    "root": {
      "inputs": {
        "nixpkgs": "nixpkgs"
      }
    }
  },
  "root": "root",
  "version": 7
}
